// !$*UTF8*$!
{
	archiveVersion = 1;
	classes = {
	};
	objectVersion = 56;
	objects = {

/* Begin PBXBuildFile section */
		2DA896852C9184140073EA4A /* AppDelegate.swift in Sources */ = {isa = PBXBuildFile; fileRef = 2DA896842C9184140073EA4A /* AppDelegate.swift */; };
		2DA896872C9184140073EA4A /* SceneDelegate.swift in Sources */ = {isa = PBXBuildFile; fileRef = 2DA896862C9184140073EA4A /* SceneDelegate.swift */; };
		2DA896892C9184140073EA4A /* ViewController.swift in Sources */ = {isa = PBXBuildFile; fileRef = 2DA896882C9184140073EA4A /* ViewController.swift */; };
		2DA8968C2C9184140073EA4A /* Base in Resources */ = {isa = PBXBuildFile; fileRef = 2DA8968B2C9184140073EA4A /* Base */; };
		2DA8968F2C9184140073EA4A /* twist.xcdatamodeld in Sources */ = {isa = PBXBuildFile; fileRef = 2DA8968D2C9184140073EA4A /* twist.xcdatamodeld */; };
		2DA896912C9184150073EA4A /* Assets.xcassets in Resources */ = {isa = PBXBuildFile; fileRef = 2DA896902C9184150073EA4A /* Assets.xcassets */; };
		2DA896942C9184150073EA4A /* Base in Resources */ = {isa = PBXBuildFile; fileRef = 2DA896932C9184150073EA4A /* Base */; };
		2DA8969F2C9184150073EA4A /* twistTests.swift in Sources */ = {isa = PBXBuildFile; fileRef = 2DA8969E2C9184150073EA4A /* twistTests.swift */; };
		2DA896A92C9184150073EA4A /* twistUITests.swift in Sources */ = {isa = PBXBuildFile; fileRef = 2DA896A82C9184150073EA4A /* twistUITests.swift */; };
		2DA896AB2C9184150073EA4A /* twistUITestsLaunchTests.swift in Sources */ = {isa = PBXBuildFile; fileRef = 2DA896AA2C9184150073EA4A /* twistUITestsLaunchTests.swift */; };
/* End PBXBuildFile section */

/* Begin PBXContainerItemProxy section */
		2DA8969B2C9184150073EA4A /* PBXContainerItemProxy */ = {
			isa = PBXContainerItemProxy;
			containerPortal = 2DA896792C9184140073EA4A /* Project object */;
			proxyType = 1;
			remoteGlobalIDString = 2DA896802C9184140073EA4A;
			remoteInfo = twist;
		};
		2DA896A52C9184150073EA4A /* PBXContainerItemProxy */ = {
			isa = PBXContainerItemProxy;
			containerPortal = 2DA896792C9184140073EA4A /* Project object */;
			proxyType = 1;
			remoteGlobalIDString = 2DA896802C9184140073EA4A;
			remoteInfo = twist;
		};
/* End PBXContainerItemProxy section */

/* Begin PBXFileReference section */
		2DA896812C9184140073EA4A /* twist.app */ = {isa = PBXFileReference; explicitFileType = wrapper.application; includeInIndex = 0; path = twist.app; sourceTree = BUILT_PRODUCTS_DIR; };
		2DA896842C9184140073EA4A /* AppDelegate.swift */ = {isa = PBXFileReference; lastKnownFileType = sourcecode.swift; path = AppDelegate.swift; sourceTree = "<group>"; };
		2DA896862C9184140073EA4A /* SceneDelegate.swift */ = {isa = PBXFileReference; lastKnownFileType = sourcecode.swift; path = SceneDelegate.swift; sourceTree = "<group>"; };
		2DA896882C9184140073EA4A /* ViewController.swift */ = {isa = PBXFileReference; lastKnownFileType = sourcecode.swift; path = ViewController.swift; sourceTree = "<group>"; };
		2DA8968B2C9184140073EA4A /* Base */ = {isa = PBXFileReference; lastKnownFileType = file.storyboard; name = Base; path = Base.lproj/Main.storyboard; sourceTree = "<group>"; };
		2DA8968E2C9184140073EA4A /* twist.xcdatamodel */ = {isa = PBXFileReference; lastKnownFileType = wrapper.xcdatamodel; path = twist.xcdatamodel; sourceTree = "<group>"; };
		2DA896902C9184150073EA4A /* Assets.xcassets */ = {isa = PBXFileReference; lastKnownFileType = folder.assetcatalog; path = Assets.xcassets; sourceTree = "<group>"; };
		2DA896932C9184150073EA4A /* Base */ = {isa = PBXFileReference; lastKnownFileType = file.storyboard; name = Base; path = Base.lproj/LaunchScreen.storyboard; sourceTree = "<group>"; };
		2DA896952C9184150073EA4A /* Info.plist */ = {isa = PBXFileReference; lastKnownFileType = text.plist.xml; path = Info.plist; sourceTree = "<group>"; };
		2DA8969A2C9184150073EA4A /* twistTests.xctest */ = {isa = PBXFileReference; explicitFileType = wrapper.cfbundle; includeInIndex = 0; path = twistTests.xctest; sourceTree = BUILT_PRODUCTS_DIR; };
		2DA8969E2C9184150073EA4A /* twistTests.swift */ = {isa = PBXFileReference; lastKnownFileType = sourcecode.swift; path = twistTests.swift; sourceTree = "<group>"; };
		2DA896A42C9184150073EA4A /* twistUITests.xctest */ = {isa = PBXFileReference; explicitFileType = wrapper.cfbundle; includeInIndex = 0; path = twistUITests.xctest; sourceTree = BUILT_PRODUCTS_DIR; };
		2DA896A82C9184150073EA4A /* twistUITests.swift */ = {isa = PBXFileReference; lastKnownFileType = sourcecode.swift; path = twistUITests.swift; sourceTree = "<group>"; };
		2DA896AA2C9184150073EA4A /* twistUITestsLaunchTests.swift */ = {isa = PBXFileReference; lastKnownFileType = sourcecode.swift; path = twistUITestsLaunchTests.swift; sourceTree = "<group>"; };
/* End PBXFileReference section */

/* Begin PBXFrameworksBuildPhase section */
		2DA8967E2C9184140073EA4A /* Frameworks */ = {
			isa = PBXFrameworksBuildPhase;
			buildActionMask = 2147483647;
			files = (
			);
			runOnlyForDeploymentPostprocessing = 0;
		};
		2DA896972C9184150073EA4A /* Frameworks */ = {
			isa = PBXFrameworksBuildPhase;
			buildActionMask = 2147483647;
			files = (
			);
			runOnlyForDeploymentPostprocessing = 0;
		};
		2DA896A12C9184150073EA4A /* Frameworks */ = {
			isa = PBXFrameworksBuildPhase;
			buildActionMask = 2147483647;
			files = (
			);
			runOnlyForDeploymentPostprocessing = 0;
		};
/* End PBXFrameworksBuildPhase section */

/* Begin PBXGroup section */
		2DA896782C9184140073EA4A = {
			isa = PBXGroup;
			children = (
				2DA896832C9184140073EA4A /* twist */,
				2DA8969D2C9184150073EA4A /* twistTests */,
				2DA896A72C9184150073EA4A /* twistUITests */,
				2DA896822C9184140073EA4A /* Products */,
			);
			sourceTree = "<group>";
		};
		2DA896822C9184140073EA4A /* Products */ = {
			isa = PBXGroup;
			children = (
				2DA896812C9184140073EA4A /* twist.app */,
				2DA8969A2C9184150073EA4A /* twistTests.xctest */,
				2DA896A42C9184150073EA4A /* twistUITests.xctest */,
			);
			name = Products;
			sourceTree = "<group>";
		};
		2DA896832C9184140073EA4A /* twist */ = {
			isa = PBXGroup;
			children = (
				2DA896842C9184140073EA4A /* AppDelegate.swift */,
				2DA896862C9184140073EA4A /* SceneDelegate.swift */,
				2DA896882C9184140073EA4A /* ViewController.swift */,
				2DA8968A2C9184140073EA4A /* Main.storyboard */,
				2DA896902C9184150073EA4A /* Assets.xcassets */,
				2DA896922C9184150073EA4A /* LaunchScreen.storyboard */,
				2DA896952C9184150073EA4A /* Info.plist */,
				2DA8968D2C9184140073EA4A /* twist.xcdatamodeld */,
			);
			path = twist;
			sourceTree = "<group>";
		};
		2DA8969D2C9184150073EA4A /* twistTests */ = {
			isa = PBXGroup;
			children = (
				2DA8969E2C9184150073EA4A /* twistTests.swift */,
			);
			path = twistTests;
			sourceTree = "<group>";
		};
		2DA896A72C9184150073EA4A /* twistUITests */ = {
			isa = PBXGroup;
			children = (
				2DA896A82C9184150073EA4A /* twistUITests.swift */,
				2DA896AA2C9184150073EA4A /* twistUITestsLaunchTests.swift */,
			);
			path = twistUITests;
			sourceTree = "<group>";
		};
/* End PBXGroup section */

/* Begin PBXNativeTarget section */
		2DA896802C9184140073EA4A /* twist */ = {
			isa = PBXNativeTarget;
			buildConfigurationList = 2DA896AE2C9184150073EA4A /* Build configuration list for PBXNativeTarget "twist" */;
			buildPhases = (
				2DA8967D2C9184140073EA4A /* Sources */,
				2DA8967E2C9184140073EA4A /* Frameworks */,
				2DA8967F2C9184140073EA4A /* Resources */,
			);
			buildRules = (
			);
			dependencies = (
			);
			name = twist;
			productName = twist;
			productReference = 2DA896812C9184140073EA4A /* twist.app */;
			productType = "com.apple.product-type.application";
		};
		2DA896992C9184150073EA4A /* twistTests */ = {
			isa = PBXNativeTarget;
			buildConfigurationList = 2DA896B12C9184150073EA4A /* Build configuration list for PBXNativeTarget "twistTests" */;
			buildPhases = (
				2DA896962C9184150073EA4A /* Sources */,
				2DA896972C9184150073EA4A /* Frameworks */,
				2DA896982C9184150073EA4A /* Resources */,
			);
			buildRules = (
			);
			dependencies = (
				2DA8969C2C9184150073EA4A /* PBXTargetDependency */,
			);
			name = twistTests;
			productName = twistTests;
			productReference = 2DA8969A2C9184150073EA4A /* twistTests.xctest */;
			productType = "com.apple.product-type.bundle.unit-test";
		};
		2DA896A32C9184150073EA4A /* twistUITests */ = {
			isa = PBXNativeTarget;
			buildConfigurationList = 2DA896B42C9184150073EA4A /* Build configuration list for PBXNativeTarget "twistUITests" */;
			buildPhases = (
				2DA896A02C9184150073EA4A /* Sources */,
				2DA896A12C9184150073EA4A /* Frameworks */,
				2DA896A22C9184150073EA4A /* Resources */,
			);
			buildRules = (
			);
			dependencies = (
				2DA896A62C9184150073EA4A /* PBXTargetDependency */,
			);
			name = twistUITests;
			productName = twistUITests;
			productReference = 2DA896A42C9184150073EA4A /* twistUITests.xctest */;
			productType = "com.apple.product-type.bundle.ui-testing";
		};
/* End PBXNativeTarget section */

/* Begin PBXProject section */
		2DA896792C9184140073EA4A /* Project object */ = {
			isa = PBXProject;
			attributes = {
				BuildIndependentTargetsInParallel = 1;
				LastSwiftUpdateCheck = 1540;
				LastUpgradeCheck = 1540;
				TargetAttributes = {
					2DA896802C9184140073EA4A = {
						CreatedOnToolsVersion = 15.4;
					};
					2DA896992C9184150073EA4A = {
						CreatedOnToolsVersion = 15.4;
						TestTargetID = 2DA896802C9184140073EA4A;
					};
					2DA896A32C9184150073EA4A = {
						CreatedOnToolsVersion = 15.4;
						TestTargetID = 2DA896802C9184140073EA4A;
					};
				};
			};
			buildConfigurationList = 2DA8967C2C9184140073EA4A /* Build configuration list for PBXProject "twist" */;
			compatibilityVersion = "Xcode 14.0";
			developmentRegion = en;
			hasScannedForEncodings = 0;
			knownRegions = (
				en,
				Base,
			);
			mainGroup = 2DA896782C9184140073EA4A;
			productRefGroup = 2DA896822C9184140073EA4A /* Products */;
			projectDirPath = "";
			projectRoot = "";
			targets = (
				2DA896802C9184140073EA4A /* twist */,
				2DA896992C9184150073EA4A /* twistTests */,
				2DA896A32C9184150073EA4A /* twistUITests */,
			);
		};
/* End PBXProject section */

/* Begin PBXResourcesBuildPhase section */
		2DA8967F2C9184140073EA4A /* Resources */ = {
			isa = PBXResourcesBuildPhase;
			buildActionMask = 2147483647;
			files = (
				2DA896912C9184150073EA4A /* Assets.xcassets in Resources */,
				2DA896942C9184150073EA4A /* Base in Resources */,
				2DA8968C2C9184140073EA4A /* Base in Resources */,
			);
			runOnlyForDeploymentPostprocessing = 0;
		};
		2DA896982C9184150073EA4A /* Resources */ = {
			isa = PBXResourcesBuildPhase;
			buildActionMask = 2147483647;
			files = (
			);
			runOnlyForDeploymentPostprocessing = 0;
		};
		2DA896A22C9184150073EA4A /* Resources */ = {
			isa = PBXResourcesBuildPhase;
			buildActionMask = 2147483647;
			files = (
			);
			runOnlyForDeploymentPostprocessing = 0;
		};
/* End PBXResourcesBuildPhase section */

/* Begin PBXSourcesBuildPhase section */
		2DA8967D2C9184140073EA4A /* Sources */ = {
			isa = PBXSourcesBuildPhase;
			buildActionMask = 2147483647;
			files = (
				2DA896892C9184140073EA4A /* ViewController.swift in Sources */,
				2DA8968F2C9184140073EA4A /* twist.xcdatamodeld in Sources */,
				2DA896852C9184140073EA4A /* AppDelegate.swift in Sources */,
				2DA896872C9184140073EA4A /* SceneDelegate.swift in Sources */,
			);
			runOnlyForDeploymentPostprocessing = 0;
		};
		2DA896962C9184150073EA4A /* Sources */ = {
			isa = PBXSourcesBuildPhase;
			buildActionMask = 2147483647;
			files = (
				2DA8969F2C9184150073EA4A /* twistTests.swift in Sources */,
			);
			runOnlyForDeploymentPostprocessing = 0;
		};
		2DA896A02C9184150073EA4A /* Sources */ = {
			isa = PBXSourcesBuildPhase;
			buildActionMask = 2147483647;
			files = (
				2DA896AB2C9184150073EA4A /* twistUITestsLaunchTests.swift in Sources */,
				2DA896A92C9184150073EA4A /* twistUITests.swift in Sources */,
			);
			runOnlyForDeploymentPostprocessing = 0;
		};
/* End PBXSourcesBuildPhase section */

/* Begin PBXTargetDependency section */
		2DA8969C2C9184150073EA4A /* PBXTargetDependency */ = {
			isa = PBXTargetDependency;
			target = 2DA896802C9184140073EA4A /* twist */;
			targetProxy = 2DA8969B2C9184150073EA4A /* PBXContainerItemProxy */;
		};
		2DA896A62C9184150073EA4A /* PBXTargetDependency */ = {
			isa = PBXTargetDependency;
			target = 2DA896802C9184140073EA4A /* twist */;
			targetProxy = 2DA896A52C9184150073EA4A /* PBXContainerItemProxy */;
		};
/* End PBXTargetDependency section */

/* Begin PBXVariantGroup section */
		2DA8968A2C9184140073EA4A /* Main.storyboard */ = {
			isa = PBXVariantGroup;
			children = (
				2DA8968B2C9184140073EA4A /* Base */,
			);
			name = Main.storyboard;
			sourceTree = "<group>";
		};
		2DA896922C9184150073EA4A /* LaunchScreen.storyboard */ = {
			isa = PBXVariantGroup;
			children = (
				2DA896932C9184150073EA4A /* Base */,
			);
			name = LaunchScreen.storyboard;
			sourceTree = "<group>";
		};
/* End PBXVariantGroup section */

/* Begin XCBuildConfiguration section */
		2DA896AC2C9184150073EA4A /* Debug */ = {
			isa = XCBuildConfiguration;
			buildSettings = {
				ALWAYS_SEARCH_USER_PATHS = NO;
				ASSETCATALOG_COMPILER_GENERATE_SWIFT_ASSET_SYMBOL_EXTENSIONS = YES;
				CLANG_ANALYZER_NONNULL = YES;
				CLANG_ANALYZER_NUMBER_OBJECT_CONVERSION = YES_AGGRESSIVE;
				CLANG_CXX_LANGUAGE_STANDARD = "gnu++20";
				CLANG_ENABLE_MODULES = YES;
				CLANG_ENABLE_OBJC_ARC = YES;
				CLANG_ENABLE_OBJC_WEAK = YES;
				CLANG_WARN_BLOCK_CAPTURE_AUTORELEASING = YES;
				CLANG_WARN_BOOL_CONVERSION = YES;
				CLANG_WARN_COMMA = YES;
				CLANG_WARN_CONSTANT_CONVERSION = YES;
				CLANG_WARN_DEPRECATED_OBJC_IMPLEMENTATIONS = YES;
				CLANG_WARN_DIRECT_OBJC_ISA_USAGE = YES_ERROR;
				CLANG_WARN_DOCUMENTATION_COMMENTS = YES;
				CLANG_WARN_EMPTY_BODY = YES;
				CLANG_WARN_ENUM_CONVERSION = YES;
				CLANG_WARN_INFINITE_RECURSION = YES;
				CLANG_WARN_INT_CONVERSION = YES;
				CLANG_WARN_NON_LITERAL_NULL_CONVERSION = YES;
				CLANG_WARN_OBJC_IMPLICIT_RETAIN_SELF = YES;
				CLANG_WARN_OBJC_LITERAL_CONVERSION = YES;
				CLANG_WARN_OBJC_ROOT_CLASS = YES_ERROR;
				CLANG_WARN_QUOTED_INCLUDE_IN_FRAMEWORK_HEADER = YES;
				CLANG_WARN_RANGE_LOOP_ANALYSIS = YES;
				CLANG_WARN_STRICT_PROTOTYPES = YES;
				CLANG_WARN_SUSPICIOUS_MOVE = YES;
				CLANG_WARN_UNGUARDED_AVAILABILITY = YES_AGGRESSIVE;
				CLANG_WARN_UNREACHABLE_CODE = YES;
				CLANG_WARN__DUPLICATE_METHOD_MATCH = YES;
				COPY_PHASE_STRIP = NO;
				DEBUG_INFORMATION_FORMAT = dwarf;
				ENABLE_STRICT_OBJC_MSGSEND = YES;
				ENABLE_TESTABILITY = YES;
				ENABLE_USER_SCRIPT_SANDBOXING = YES;
				GCC_C_LANGUAGE_STANDARD = gnu17;
				GCC_DYNAMIC_NO_PIC = NO;
				GCC_NO_COMMON_BLOCKS = YES;
				GCC_OPTIMIZATION_LEVEL = 0;
				GCC_PREPROCESSOR_DEFINITIONS = (
					"DEBUG=1",
					"$(inherited)",
				);
				GCC_WARN_64_TO_32_BIT_CONVERSION = YES;
				GCC_WARN_ABOUT_RETURN_TYPE = YES_ERROR;
				GCC_WARN_UNDECLARED_SELECTOR = YES;
				GCC_WARN_UNINITIALIZED_AUTOS = YES_AGGRESSIVE;
				GCC_WARN_UNUSED_FUNCTION = YES;
				GCC_WARN_UNUSED_VARIABLE = YES;
				IPHONEOS_DEPLOYMENT_TARGET = 17.5;
				LOCALIZATION_PREFERS_STRING_CATALOGS = YES;
				MTL_ENABLE_DEBUG_INFO = INCLUDE_SOURCE;
				MTL_FAST_MATH = YES;
				ONLY_ACTIVE_ARCH = YES;
				SDKROOT = iphoneos;
				SWIFT_ACTIVE_COMPILATION_CONDITIONS = "DEBUG $(inherited)";
				SWIFT_OPTIMIZATION_LEVEL = "-Onone";
			};
			name = Debug;
		};
		2DA896AD2C9184150073EA4A /* Release */ = {
			isa = XCBuildConfiguration;
			buildSettings = {
				ALWAYS_SEARCH_USER_PATHS = NO;
				ASSETCATALOG_COMPILER_GENERATE_SWIFT_ASSET_SYMBOL_EXTENSIONS = YES;
				CLANG_ANALYZER_NONNULL = YES;
				CLANG_ANALYZER_NUMBER_OBJECT_CONVERSION = YES_AGGRESSIVE;
				CLANG_CXX_LANGUAGE_STANDARD = "gnu++20";
				CLANG_ENABLE_MODULES = YES;
				CLANG_ENABLE_OBJC_ARC = YES;
				CLANG_ENABLE_OBJC_WEAK = YES;
				CLANG_WARN_BLOCK_CAPTURE_AUTORELEASING = YES;
				CLANG_WARN_BOOL_CONVERSION = YES;
				CLANG_WARN_COMMA = YES;
				CLANG_WARN_CONSTANT_CONVERSION = YES;
				CLANG_WARN_DEPRECATED_OBJC_IMPLEMENTATIONS = YES;
				CLANG_WARN_DIRECT_OBJC_ISA_USAGE = YES_ERROR;
				CLANG_WARN_DOCUMENTATION_COMMENTS = YES;
				CLANG_WARN_EMPTY_BODY = YES;
				CLANG_WARN_ENUM_CONVERSION = YES;
				CLANG_WARN_INFINITE_RECURSION = YES;
				CLANG_WARN_INT_CONVERSION = YES;
				CLANG_WARN_NON_LITERAL_NULL_CONVERSION = YES;
				CLANG_WARN_OBJC_IMPLICIT_RETAIN_SELF = YES;
				CLANG_WARN_OBJC_LITERAL_CONVERSION = YES;
				CLANG_WARN_OBJC_ROOT_CLASS = YES_ERROR;
				CLANG_WARN_QUOTED_INCLUDE_IN_FRAMEWORK_HEADER = YES;
				CLANG_WARN_RANGE_LOOP_ANALYSIS = YES;
				CLANG_WARN_STRICT_PROTOTYPES = YES;
				CLANG_WARN_SUSPICIOUS_MOVE = YES;
				CLANG_WARN_UNGUARDED_AVAILABILITY = YES_AGGRESSIVE;
				CLANG_WARN_UNREACHABLE_CODE = YES;
				CLANG_WARN__DUPLICATE_METHOD_MATCH = YES;
				COPY_PHASE_STRIP = NO;
				DEBUG_INFORMATION_FORMAT = "dwarf-with-dsym";
				ENABLE_NS_ASSERTIONS = NO;
				ENABLE_STRICT_OBJC_MSGSEND = YES;
				ENABLE_USER_SCRIPT_SANDBOXING = YES;
				GCC_C_LANGUAGE_STANDARD = gnu17;
				GCC_NO_COMMON_BLOCKS = YES;
				GCC_WARN_64_TO_32_BIT_CONVERSION = YES;
				GCC_WARN_ABOUT_RETURN_TYPE = YES_ERROR;
				GCC_WARN_UNDECLARED_SELECTOR = YES;
				GCC_WARN_UNINITIALIZED_AUTOS = YES_AGGRESSIVE;
				GCC_WARN_UNUSED_FUNCTION = YES;
				GCC_WARN_UNUSED_VARIABLE = YES;
				IPHONEOS_DEPLOYMENT_TARGET = 17.5;
				LOCALIZATION_PREFERS_STRING_CATALOGS = YES;
				MTL_ENABLE_DEBUG_INFO = NO;
				MTL_FAST_MATH = YES;
				SDKROOT = iphoneos;
				SWIFT_COMPILATION_MODE = wholemodule;
				VALIDATE_PRODUCT = YES;
			};
			name = Release;
		};
		2DA896AF2C9184150073EA4A /* Debug */ = {
			isa = XCBuildConfiguration;
			buildSettings = {
				ASSETCATALOG_COMPILER_APPICON_NAME = AppIcon;
				ASSETCATALOG_COMPILER_GLOBAL_ACCENT_COLOR_NAME = AccentColor;
				CODE_SIGN_STYLE = Automatic;
				CURRENT_PROJECT_VERSION = 1;
				DEVELOPMENT_TEAM = XXB3YP77W4;
				GENERATE_INFOPLIST_FILE = YES;
				INFOPLIST_FILE = twist/Info.plist;
				INFOPLIST_KEY_UIApplicationSupportsIndirectInputEvents = YES;
				INFOPLIST_KEY_UILaunchStoryboardName = LaunchScreen;
				INFOPLIST_KEY_UIMainStoryboardFile = Main;
				INFOPLIST_KEY_UISupportedInterfaceOrientations_iPad = "UIInterfaceOrientationPortrait UIInterfaceOrientationPortraitUpsideDown UIInterfaceOrientationLandscapeLeft UIInterfaceOrientationLandscapeRight";
				INFOPLIST_KEY_UISupportedInterfaceOrientations_iPhone = "UIInterfaceOrientationPortrait UIInterfaceOrientationLandscapeLeft UIInterfaceOrientationLandscapeRight";
				LD_RUNPATH_SEARCH_PATHS = (
					"$(inherited)",
					"@executable_path/Frameworks",
				);
				MARKETING_VERSION = 1.0;
				PRODUCT_BUNDLE_IDENTIFIER = com.myachn.twist;
				PRODUCT_NAME = "$(TARGET_NAME)";
				SWIFT_EMIT_LOC_STRINGS = YES;
				SWIFT_VERSION = 5.0;
				TARGETED_DEVICE_FAMILY = "1,2";
			};
			name = Debug;
		};
		2DA896B02C9184150073EA4A /* Release */ = {
			isa = XCBuildConfiguration;
			buildSettings = {
				ASSETCATALOG_COMPILER_APPICON_NAME = AppIcon;
				ASSETCATALOG_COMPILER_GLOBAL_ACCENT_COLOR_NAME = AccentColor;
				CODE_SIGN_STYLE = Automatic;
				CURRENT_PROJECT_VERSION = 1;
				DEVELOPMENT_TEAM = XXB3YP77W4;
				GENERATE_INFOPLIST_FILE = YES;
				INFOPLIST_FILE = twist/Info.plist;
				INFOPLIST_KEY_UIApplicationSupportsIndirectInputEvents = YES;
				INFOPLIST_KEY_UILaunchStoryboardName = LaunchScreen;
				INFOPLIST_KEY_UIMainStoryboardFile = Main;
				INFOPLIST_KEY_UISupportedInterfaceOrientations_iPad = "UIInterfaceOrientationPortrait UIInterfaceOrientationPortraitUpsideDown UIInterfaceOrientationLandscapeLeft UIInterfaceOrientationLandscapeRight";
				INFOPLIST_KEY_UISupportedInterfaceOrientations_iPhone = "UIInterfaceOrientationPortrait UIInterfaceOrientationLandscapeLeft UIInterfaceOrientationLandscapeRight";
				LD_RUNPATH_SEARCH_PATHS = (
					"$(inherited)",
					"@executable_path/Frameworks",
				);
				MARKETING_VERSION = 1.0;
				PRODUCT_BUNDLE_IDENTIFIER = com.myachn.twist;
				PRODUCT_NAME = "$(TARGET_NAME)";
				SWIFT_EMIT_LOC_STRINGS = YES;
				SWIFT_VERSION = 5.0;
				TARGETED_DEVICE_FAMILY = "1,2";
			};
			name = Release;
		};
		2DA896B22C9184150073EA4A /* Debug */ = {
			isa = XCBuildConfiguration;
			buildSettings = {
				ALWAYS_EMBED_SWIFT_STANDARD_LIBRARIES = YES;
				BUNDLE_LOADER = "$(TEST_HOST)";
				CODE_SIGN_STYLE = Automatic;
				CURRENT_PROJECT_VERSION = 1;
				DEVELOPMENT_TEAM = XXB3YP77W4;
				GENERATE_INFOPLIST_FILE = YES;
				IPHONEOS_DEPLOYMENT_TARGET = 17.5;
				MARKETING_VERSION = 1.0;
				PRODUCT_BUNDLE_IDENTIFIER = com.myachn.twistTests;
				PRODUCT_NAME = "$(TARGET_NAME)";
				SWIFT_EMIT_LOC_STRINGS = NO;
				SWIFT_VERSION = 5.0;
				TARGETED_DEVICE_FAMILY = "1,2";
				TEST_HOST = "$(BUILT_PRODUCTS_DIR)/twist.app/$(BUNDLE_EXECUTABLE_FOLDER_PATH)/twist";
			};
			name = Debug;
		};
		2DA896B32C9184150073EA4A /* Release */ = {
			isa = XCBuildConfiguration;
			buildSettings = {
				ALWAYS_EMBED_SWIFT_STANDARD_LIBRARIES = YES;
				BUNDLE_LOADER = "$(TEST_HOST)";
				CODE_SIGN_STYLE = Automatic;
				CURRENT_PROJECT_VERSION = 1;
				DEVELOPMENT_TEAM = XXB3YP77W4;
				GENERATE_INFOPLIST_FILE = YES;
				IPHONEOS_DEPLOYMENT_TARGET = 17.5;
				MARKETING_VERSION = 1.0;
				PRODUCT_BUNDLE_IDENTIFIER = com.myachn.twistTests;
				PRODUCT_NAME = "$(TARGET_NAME)";
				SWIFT_EMIT_LOC_STRINGS = NO;
				SWIFT_VERSION = 5.0;
				TARGETED_DEVICE_FAMILY = "1,2";
				TEST_HOST = "$(BUILT_PRODUCTS_DIR)/twist.app/$(BUNDLE_EXECUTABLE_FOLDER_PATH)/twist";
			};
			name = Release;
		};
		2DA896B52C9184150073EA4A /* Debug */ = {
			isa = XCBuildConfiguration;
			buildSettings = {
				ALWAYS_EMBED_SWIFT_STANDARD_LIBRARIES = YES;
				CODE_SIGN_STYLE = Automatic;
				CURRENT_PROJECT_VERSION = 1;
				DEVELOPMENT_TEAM = XXB3YP77W4;
				GENERATE_INFOPLIST_FILE = YES;
				MARKETING_VERSION = 1.0;
				PRODUCT_BUNDLE_IDENTIFIER = com.myachn.twistUITests;
				PRODUCT_NAME = "$(TARGET_NAME)";
				SWIFT_EMIT_LOC_STRINGS = NO;
				SWIFT_VERSION = 5.0;
				TARGETED_DEVICE_FAMILY = "1,2";
				TEST_TARGET_NAME = twist;
			};
			name = Debug;
		};
		2DA896B62C9184150073EA4A /* Release */ = {
			isa = XCBuildConfiguration;
			buildSettings = {
				ALWAYS_EMBED_SWIFT_STANDARD_LIBRARIES = YES;
				CODE_SIGN_STYLE = Automatic;
				CURRENT_PROJECT_VERSION = 1;
				DEVELOPMENT_TEAM = XXB3YP77W4;
				GENERATE_INFOPLIST_FILE = YES;
				MARKETING_VERSION = 1.0;
				PRODUCT_BUNDLE_IDENTIFIER = com.myachn.twistUITests;
				PRODUCT_NAME = "$(TARGET_NAME)";
				SWIFT_EMIT_LOC_STRINGS = NO;
				SWIFT_VERSION = 5.0;
				TARGETED_DEVICE_FAMILY = "1,2";
				TEST_TARGET_NAME = twist;
			};
			name = Release;
		};
/* End XCBuildConfiguration section */

/* Begin XCConfigurationList section */
		2DA8967C2C9184140073EA4A /* Build configuration list for PBXProject "twist" */ = {
			isa = XCConfigurationList;
			buildConfigurations = (
				2DA896AC2C9184150073EA4A /* Debug */,
				2DA896AD2C9184150073EA4A /* Release */,
			);
			defaultConfigurationIsVisible = 0;
			defaultConfigurationName = Release;
		};
		2DA896AE2C9184150073EA4A /* Build configuration list for PBXNativeTarget "twist" */ = {
			isa = XCConfigurationList;
			buildConfigurations = (
				2DA896AF2C9184150073EA4A /* Debug */,
				2DA896B02C9184150073EA4A /* Release */,
			);
			defaultConfigurationIsVisible = 0;
			defaultConfigurationName = Release;
		};
		2DA896B12C9184150073EA4A /* Build configuration list for PBXNativeTarget "twistTests" */ = {
			isa = XCConfigurationList;
			buildConfigurations = (
				2DA896B22C9184150073EA4A /* Debug */,
				2DA896B32C9184150073EA4A /* Release */,
			);
			defaultConfigurationIsVisible = 0;
			defaultConfigurationName = Release;
		};
		2DA896B42C9184150073EA4A /* Build configuration list for PBXNativeTarget "twistUITests" */ = {
			isa = XCConfigurationList;
			buildConfigurations = (
				2DA896B52C9184150073EA4A /* Debug */,
				2DA896B62C9184150073EA4A /* Release */,
			);
			defaultConfigurationIsVisible = 0;
			defaultConfigurationName = Release;
		};
/* End XCConfigurationList section */

/* Begin XCVersionGroup section */
		2DA8968D2C9184140073EA4A /* twist.xcdatamodeld */ = {
			isa = XCVersionGroup;
			children = (
				2DA8968E2C9184140073EA4A /* twist.xcdatamodel */,
			);
			currentVersion = 2DA8968E2C9184140073EA4A /* twist.xcdatamodel */;
			path = twist.xcdatamodeld;
			sourceTree = "<group>";
			versionGroupType = wrapper.xcdatamodel;
		};
/* End XCVersionGroup section */
	};
	rootObject = 2DA896792C9184140073EA4A /* Project object */;
}
